
Microsoft Visual Studio Solution File, Format Version 12.00
# Visual Studio Version 17
VisualStudioVersion = 17.1.32210.238
MinimumVisualStudioVersion = 10.0.40219.1
Project("{FAE04EC0-301F-11D3-BF4B-00C04F79EFBC}") = "Selenium-Csharp-UnitTest", "Selenium-Csharp-UnitTest\Selenium-Csharp-UnitTest.csproj", "{97CAB26B-A726-44EC-B490-C4E02C1486FA}"
EndProject
Global
	GlobalSection(SolutionConfigurationPlatforms) = preSolution
		Debug|Any CPU = Debug|Any CPU
		Release|Any CPU = Release|Any CPU
	EndGlobalSection
	GlobalSection(ProjectConfigurationPlatforms) = postSolution
		{97CAB26B-A726-44EC-B490-C4E02C1486FA}.Debug|Any CPU.ActiveCfg = Debug|Any CPU
		{97CAB26B-A726-44EC-B490-C4E02C1486FA}.Debug|Any CPU.Build.0 = Debug|Any CPU
		{97CAB26B-A726-44EC-B490-C4E02C1486FA}.Release|Any CPU.ActiveCfg = Release|Any CPU
		{97CAB26B-A726-44EC-B490-C4E02C1486FA}.Release|Any CPU.Build.0 = Release|Any CPU
	EndGlobalSection
	GlobalSection(SolutionProperties) = preSolution
		HideSolutionNode = FALSE
	EndGlobalSection
	GlobalSection(ExtensibilityGlobals) = postSolution
		SolutionGuid = {905371E6-1FA9-4703-B474-C44893606846}
	EndGlobalSection
EndGlobal
